
Microsoft Visual Studio Solution File, Format Version 12.00
# Visual Studio 15
Project("{FAE04EC0-301F-11D3-BF4B-00C04F79EFBC}") = "Assembly-CSharp", "Assembly-CSharp.csproj", "{FC0BB627-6C7C-3B02-CDBC-90C1AA4ED0CD}"
EndProject
Project("{FAE04EC0-301F-11D3-BF4B-00C04F79EFBC}") = "Assembly-CSharp-Editor", "Assembly-CSharp-Editor.csproj", "{20056984-613E-66E8-0413-E874EEFC6159}"
EndProject
Global
	GlobalSection(SolutionConfigurationPlatforms) = preSolution
		Debug|Any CPU = Debug|Any CPU
		Release|Any CPU = Release|Any CPU
	EndGlobalSection
	GlobalSection(ProjectConfigurationPlatforms) = postSolution
		{FC0BB627-6C7C-3B02-CDBC-90C1AA4ED0CD}.Debug|Any CPU.ActiveCfg = Debug|Any CPU
		{FC0BB627-6C7C-3B02-CDBC-90C1AA4ED0CD}.Debug|Any CPU.Build.0 = Debug|Any CPU
		{FC0BB627-6C7C-3B02-CDBC-90C1AA4ED0CD}.Release|Any CPU.ActiveCfg = Release|Any CPU
		{FC0BB627-6C7C-3B02-CDBC-90C1AA4ED0CD}.Release|Any CPU.Build.0 = Release|Any CPU
		{20056984-613E-66E8-0413-E874EEFC6159}.Debug|Any CPU.ActiveCfg = Debug|Any CPU
		{20056984-613E-66E8-0413-E874EEFC6159}.Debug|Any CPU.Build.0 = Debug|Any CPU
		{20056984-613E-66E8-0413-E874EEFC6159}.Release|Any CPU.ActiveCfg = Release|Any CPU
		{20056984-613E-66E8-0413-E874EEFC6159}.Release|Any CPU.Build.0 = Release|Any CPU
	EndGlobalSection
	GlobalSection(SolutionProperties) = preSolution
		HideSolutionNode = FALSE
	EndGlobalSection
EndGlobal
